// !$*UTF8*$!
{
	archiveVersion = 1;
	classes = {
	};
	objectVersion = 46;
	objects = {

/* Begin PBXBuildFile section */
		FA6CBD5C1A913B60009FA889 /* ZKSwizzle.m in Sources */ = {isa = PBXBuildFile; fileRef = FA6CBD5B1A913B60009FA889 /* ZKSwizzle.m */; };
		FA6CBD5E1A913C58009FA889 /* Dockify.m in Sources */ = {isa = PBXBuildFile; fileRef = FA6CBD5D1A913C58009FA889 /* Dockify.m */; };
		FA6CBD631A913CD9009FA889 /* QuartzCore.framework in Frameworks */ = {isa = PBXBuildFile; fileRef = FA6CBD621A913CD9009FA889 /* QuartzCore.framework */; };
		FA6CBD651A913CDE009FA889 /* CoreGraphics.framework in Frameworks */ = {isa = PBXBuildFile; fileRef = FA6CBD641A913CDE009FA889 /* CoreGraphics.framework */; };
		FA6CBD711A9161F2009FA889 /* DKTheme.m in Sources */ = {isa = PBXBuildFile; fileRef = FA6CBD701A9161F2009FA889 /* DKTheme.m */; };
		FA6CBD741A9163C3009FA889 /* ZKColorParser.m in Sources */ = {isa = PBXBuildFile; fileRef = FA6CBD731A9163C3009FA889 /* ZKColorParser.m */; };
		FA6CBD9D1A918748009FA889 /* DKTileLayer.m in Sources */ = {isa = PBXBuildFile; fileRef = FA6CBD9C1A918748009FA889 /* DKTileLayer.m */; };
		FA6CBDA01A9187ED009FA889 /* DKFloorLayer.m in Sources */ = {isa = PBXBuildFile; fileRef = FA6CBD9F1A9187ED009FA889 /* DKFloorLayer.m */; };
		FA6CBDA71A918834009FA889 /* math.c in Sources */ = {isa = PBXBuildFile; fileRef = FA6CBDA51A918834009FA889 /* math.c */; };
/* End PBXBuildFile section */

/* Begin PBXFileReference section */
		FA6CBD501A913AD9009FA889 /* Dockify.bundle */ = {isa = PBXFileReference; explicitFileType = wrapper.cfbundle; includeInIndex = 0; path = Dockify.bundle; sourceTree = BUILT_PRODUCTS_DIR; };
		FA6CBD541A913AD9009FA889 /* Info.plist */ = {isa = PBXFileReference; lastKnownFileType = text.plist.xml; path = Info.plist; sourceTree = "<group>"; };
		FA6CBD5A1A913B60009FA889 /* ZKSwizzle.h */ = {isa = PBXFileReference; fileEncoding = 4; lastKnownFileType = sourcecode.c.h; name = ZKSwizzle.h; path = external/ZKSwizzle/ZKSwizzle/ZKSwizzle.h; sourceTree = "<group>"; };
		FA6CBD5B1A913B60009FA889 /* ZKSwizzle.m */ = {isa = PBXFileReference; fileEncoding = 4; lastKnownFileType = sourcecode.c.objc; name = ZKSwizzle.m; path = external/ZKSwizzle/ZKSwizzle/ZKSwizzle.m; sourceTree = "<group>"; };
		FA6CBD5D1A913C58009FA889 /* Dockify.m */ = {isa = PBXFileReference; fileEncoding = 4; lastKnownFileType = sourcecode.c.objc; path = Dockify.m; sourceTree = "<group>"; };
		FA6CBD611A913CA7009FA889 /* Dockify.h */ = {isa = PBXFileReference; lastKnownFileType = sourcecode.c.h; path = Dockify.h; sourceTree = "<group>"; };
		FA6CBD621A913CD9009FA889 /* QuartzCore.framework */ = {isa = PBXFileReference; lastKnownFileType = wrapper.framework; name = QuartzCore.framework; path = System/Library/Frameworks/QuartzCore.framework; sourceTree = SDKROOT; };
		FA6CBD641A913CDE009FA889 /* CoreGraphics.framework */ = {isa = PBXFileReference; lastKnownFileType = wrapper.framework; name = CoreGraphics.framework; path = System/Library/Frameworks/CoreGraphics.framework; sourceTree = SDKROOT; };
		FA6CBD6D1A913EE1009FA889 /* DKConstants.h */ = {isa = PBXFileReference; lastKnownFileType = sourcecode.c.h; path = DKConstants.h; sourceTree = "<group>"; };
		FA6CBD6F1A9161F2009FA889 /* DKTheme.h */ = {isa = PBXFileReference; fileEncoding = 4; lastKnownFileType = sourcecode.c.h; path = DKTheme.h; sourceTree = "<group>"; };
		FA6CBD701A9161F2009FA889 /* DKTheme.m */ = {isa = PBXFileReference; fileEncoding = 4; lastKnownFileType = sourcecode.c.objc; path = DKTheme.m; sourceTree = "<group>"; };
		FA6CBD721A9163C3009FA889 /* ZKColorParser.h */ = {isa = PBXFileReference; fileEncoding = 4; lastKnownFileType = sourcecode.c.h; name = ZKColorParser.h; path = helpers/ZKColorParser.h; sourceTree = "<group>"; };
		FA6CBD731A9163C3009FA889 /* ZKColorParser.m */ = {isa = PBXFileReference; fileEncoding = 4; lastKnownFileType = sourcecode.c.objc; name = ZKColorParser.m; path = helpers/ZKColorParser.m; sourceTree = "<group>"; };
		FA6CBD9B1A918748009FA889 /* DKTileLayer.h */ = {isa = PBXFileReference; fileEncoding = 4; lastKnownFileType = sourcecode.c.h; name = DKTileLayer.h; path = theme/DKTileLayer.h; sourceTree = "<group>"; };
		FA6CBD9C1A918748009FA889 /* DKTileLayer.m */ = {isa = PBXFileReference; fileEncoding = 4; lastKnownFileType = sourcecode.c.objc; name = DKTileLayer.m; path = theme/DKTileLayer.m; sourceTree = "<group>"; };
		FA6CBD9E1A9187ED009FA889 /* DKFloorLayer.h */ = {isa = PBXFileReference; fileEncoding = 4; lastKnownFileType = sourcecode.c.h; name = DKFloorLayer.h; path = theme/DKFloorLayer.h; sourceTree = "<group>"; };
		FA6CBD9F1A9187ED009FA889 /* DKFloorLayer.m */ = {isa = PBXFileReference; fileEncoding = 4; lastKnownFileType = sourcecode.c.objc; name = DKFloorLayer.m; path = theme/DKFloorLayer.m; sourceTree = "<group>"; };
		FA6CBDA31A918821009FA889 /* DOCKFloorLayer.h */ = {isa = PBXFileReference; lastKnownFileType = sourcecode.c.h; name = DOCKFloorLayer.h; path = dump/DOCKFloorLayer.h; sourceTree = "<group>"; };
		FA6CBDA41A918821009FA889 /* ECMaterialLayer.h */ = {isa = PBXFileReference; lastKnownFileType = sourcecode.c.h; name = ECMaterialLayer.h; path = dump/ECMaterialLayer.h; sourceTree = "<group>"; };
		FA6CBDA51A918834009FA889 /* math.c */ = {isa = PBXFileReference; fileEncoding = 4; lastKnownFileType = sourcecode.c.c; name = math.c; path = helpers/math.c; sourceTree = "<group>"; };
		FA6CBDA61A918834009FA889 /* math.h */ = {isa = PBXFileReference; fileEncoding = 4; lastKnownFileType = sourcecode.c.h; name = math.h; path = helpers/math.h; sourceTree = "<group>"; };
/* End PBXFileReference section */

/* Begin PBXFrameworksBuildPhase section */
		FA6CBD4D1A913AD9009FA889 /* Frameworks */ = {
			isa = PBXFrameworksBuildPhase;
			buildActionMask = 2147483647;
			files = (
				FA6CBD651A913CDE009FA889 /* CoreGraphics.framework in Frameworks */,
				FA6CBD631A913CD9009FA889 /* QuartzCore.framework in Frameworks */,
			);
			runOnlyForDeploymentPostprocessing = 0;
		};
/* End PBXFrameworksBuildPhase section */

/* Begin PBXGroup section */
		FA6CBD471A913AD9009FA889 = {
			isa = PBXGroup;
			children = (
				FA6CBD641A913CDE009FA889 /* CoreGraphics.framework */,
				FA6CBD621A913CD9009FA889 /* QuartzCore.framework */,
				FA6CBD521A913AD9009FA889 /* Dockify */,
				FA6CBD511A913AD9009FA889 /* Products */,
			);
			sourceTree = "<group>";
		};
		FA6CBD511A913AD9009FA889 /* Products */ = {
			isa = PBXGroup;
			children = (
				FA6CBD501A913AD9009FA889 /* Dockify.bundle */,
			);
			name = Products;
			sourceTree = "<group>";
		};
		FA6CBD521A913AD9009FA889 /* Dockify */ = {
			isa = PBXGroup;
			children = (
				FA6CBDA81A918836009FA889 /* helpers */,
				FA6CBD6D1A913EE1009FA889 /* DKConstants.h */,
				FA6CBD5A1A913B60009FA889 /* ZKSwizzle.h */,
				FA6CBD5B1A913B60009FA889 /* ZKSwizzle.m */,
				FA6CBD611A913CA7009FA889 /* Dockify.h */,
				FA6CBD5D1A913C58009FA889 /* Dockify.m */,
				FA6CBD6F1A9161F2009FA889 /* DKTheme.h */,
				FA6CBD701A9161F2009FA889 /* DKTheme.m */,
				FA6CBDA21A9187FD009FA889 /* dump */,
				FA6CBDA11A9187F6009FA889 /* theme */,
				FA6CBD531A913AD9009FA889 /* Supporting Files */,
			);
			path = Dockify;
			sourceTree = "<group>";
		};
		FA6CBD531A913AD9009FA889 /* Supporting Files */ = {
			isa = PBXGroup;
			children = (
				FA6CBD541A913AD9009FA889 /* Info.plist */,
			);
			name = "Supporting Files";
			sourceTree = "<group>";
		};
		FA6CBDA11A9187F6009FA889 /* theme */ = {
			isa = PBXGroup;
			children = (
				FA6CBD9E1A9187ED009FA889 /* DKFloorLayer.h */,
				FA6CBD9F1A9187ED009FA889 /* DKFloorLayer.m */,
				FA6CBD9B1A918748009FA889 /* DKTileLayer.h */,
				FA6CBD9C1A918748009FA889 /* DKTileLayer.m */,
			);
			name = theme;
			sourceTree = "<group>";
		};
		FA6CBDA21A9187FD009FA889 /* dump */ = {
			isa = PBXGroup;
			children = (
				FA6CBDA31A918821009FA889 /* DOCKFloorLayer.h */,
				FA6CBDA41A918821009FA889 /* ECMaterialLayer.h */,
			);
			name = dump;
			sourceTree = "<group>";
		};
		FA6CBDA81A918836009FA889 /* helpers */ = {
			isa = PBXGroup;
			children = (
				FA6CBD721A9163C3009FA889 /* ZKColorParser.h */,
				FA6CBD731A9163C3009FA889 /* ZKColorParser.m */,
				FA6CBDA51A918834009FA889 /* math.c */,
				FA6CBDA61A918834009FA889 /* math.h */,
			);
			name = helpers;
			sourceTree = "<group>";
		};
/* End PBXGroup section */

/* Begin PBXNativeTarget section */
		FA6CBD4F1A913AD9009FA889 /* Dockify */ = {
			isa = PBXNativeTarget;
			buildConfigurationList = FA6CBD571A913AD9009FA889 /* Build configuration list for PBXNativeTarget "Dockify" */;
			buildPhases = (
				FA6CBD4C1A913AD9009FA889 /* Sources */,
				FA6CBD4D1A913AD9009FA889 /* Frameworks */,
				FA6CBD4E1A913AD9009FA889 /* Resources */,
				FA6CBD6E1A914068009FA889 /* ShellScript */,
			);
			buildRules = (
			);
			dependencies = (
			);
			name = Dockify;
			productName = Dockify;
			productReference = FA6CBD501A913AD9009FA889 /* Dockify.bundle */;
			productType = "com.apple.product-type.bundle";
		};
/* End PBXNativeTarget section */

/* Begin PBXProject section */
		FA6CBD481A913AD9009FA889 /* Project object */ = {
			isa = PBXProject;
			attributes = {
				LastUpgradeCheck = 0610;
				ORGANIZATIONNAME = "Alexander Zielenski";
				TargetAttributes = {
					FA6CBD4F1A913AD9009FA889 = {
						CreatedOnToolsVersion = 6.1.1;
					};
				};
			};
			buildConfigurationList = FA6CBD4B1A913AD9009FA889 /* Build configuration list for PBXProject "Dockify" */;
			compatibilityVersion = "Xcode 3.2";
			developmentRegion = English;
			hasScannedForEncodings = 0;
			knownRegions = (
				en,
			);
			mainGroup = FA6CBD471A913AD9009FA889;
			productRefGroup = FA6CBD511A913AD9009FA889 /* Products */;
			projectDirPath = "";
			projectRoot = "";
			targets = (
				FA6CBD4F1A913AD9009FA889 /* Dockify */,
			);
		};
/* End PBXProject section */

/* Begin PBXResourcesBuildPhase section */
		FA6CBD4E1A913AD9009FA889 /* Resources */ = {
			isa = PBXResourcesBuildPhase;
			buildActionMask = 2147483647;
			files = (
			);
			runOnlyForDeploymentPostprocessing = 0;
		};
/* End PBXResourcesBuildPhase section */

/* Begin PBXShellScriptBuildPhase section */
		FA6CBD6E1A914068009FA889 /* ShellScript */ = {
			isa = PBXShellScriptBuildPhase;
			buildActionMask = 12;
			files = (
			);
			inputPaths = (
			);
			outputPaths = (
			);
			runOnlyForDeploymentPostprocessing = 0;
			shellPath = /bin/sh;
			shellScript = "killall TERM Dock";
		};
/* End PBXShellScriptBuildPhase section */

/* Begin PBXSourcesBuildPhase section */
		FA6CBD4C1A913AD9009FA889 /* Sources */ = {
			isa = PBXSourcesBuildPhase;
			buildActionMask = 2147483647;
			files = (
				FA6CBD9D1A918748009FA889 /* DKTileLayer.m in Sources */,
				FA6CBD5C1A913B60009FA889 /* ZKSwizzle.m in Sources */,
				FA6CBD711A9161F2009FA889 /* DKTheme.m in Sources */,
				FA6CBDA01A9187ED009FA889 /* DKFloorLayer.m in Sources */,
				FA6CBD5E1A913C58009FA889 /* Dockify.m in Sources */,
				FA6CBD741A9163C3009FA889 /* ZKColorParser.m in Sources */,
				FA6CBDA71A918834009FA889 /* math.c in Sources */,
			);
			runOnlyForDeploymentPostprocessing = 0;
		};
/* End PBXSourcesBuildPhase section */

/* Begin XCBuildConfiguration section */
		FA6CBD551A913AD9009FA889 /* Debug */ = {
			isa = XCBuildConfiguration;
			buildSettings = {
				ALWAYS_SEARCH_USER_PATHS = NO;
				CLANG_CXX_LANGUAGE_STANDARD = "gnu++0x";
				CLANG_CXX_LIBRARY = "libc++";
				CLANG_ENABLE_MODULES = YES;
				CLANG_ENABLE_OBJC_ARC = YES;
				CLANG_WARN_BOOL_CONVERSION = YES;
				CLANG_WARN_CONSTANT_CONVERSION = YES;
				CLANG_WARN_DIRECT_OBJC_ISA_USAGE = YES_ERROR;
				CLANG_WARN_EMPTY_BODY = YES;
				CLANG_WARN_ENUM_CONVERSION = YES;
				CLANG_WARN_INT_CONVERSION = YES;
				CLANG_WARN_OBJC_ROOT_CLASS = YES_ERROR;
				CLANG_WARN_UNREACHABLE_CODE = YES;
				CLANG_WARN__DUPLICATE_METHOD_MATCH = YES;
				COPY_PHASE_STRIP = NO;
				ENABLE_STRICT_OBJC_MSGSEND = YES;
				GCC_C_LANGUAGE_STANDARD = gnu99;
				GCC_DYNAMIC_NO_PIC = NO;
				GCC_OPTIMIZATION_LEVEL = 0;
				GCC_PREPROCESSOR_DEFINITIONS = (
					"DEBUG=1",
					"$(inherited)",
				);
				GCC_SYMBOLS_PRIVATE_EXTERN = NO;
				GCC_WARN_64_TO_32_BIT_CONVERSION = YES;
				GCC_WARN_ABOUT_RETURN_TYPE = YES_ERROR;
				GCC_WARN_UNDECLARED_SELECTOR = YES;
				GCC_WARN_UNINITIALIZED_AUTOS = YES_AGGRESSIVE;
				GCC_WARN_UNUSED_FUNCTION = YES;
				GCC_WARN_UNUSED_VARIABLE = YES;
				MACOSX_DEPLOYMENT_TARGET = 10.10;
				MTL_ENABLE_DEBUG_INFO = YES;
				ONLY_ACTIVE_ARCH = YES;
				SDKROOT = macosx;
			};
			name = Debug;
		};
		FA6CBD561A913AD9009FA889 /* Release */ = {
			isa = XCBuildConfiguration;
			buildSettings = {
				ALWAYS_SEARCH_USER_PATHS = NO;
				CLANG_CXX_LANGUAGE_STANDARD = "gnu++0x";
				CLANG_CXX_LIBRARY = "libc++";
				CLANG_ENABLE_MODULES = YES;
				CLANG_ENABLE_OBJC_ARC = YES;
				CLANG_WARN_BOOL_CONVERSION = YES;
				CLANG_WARN_CONSTANT_CONVERSION = YES;
				CLANG_WARN_DIRECT_OBJC_ISA_USAGE = YES_ERROR;
				CLANG_WARN_EMPTY_BODY = YES;
				CLANG_WARN_ENUM_CONVERSION = YES;
				CLANG_WARN_INT_CONVERSION = YES;
				CLANG_WARN_OBJC_ROOT_CLASS = YES_ERROR;
				CLANG_WARN_UNREACHABLE_CODE = YES;
				CLANG_WARN__DUPLICATE_METHOD_MATCH = YES;
				COPY_PHASE_STRIP = YES;
				DEBUG_INFORMATION_FORMAT = "dwarf-with-dsym";
				ENABLE_NS_ASSERTIONS = NO;
				ENABLE_STRICT_OBJC_MSGSEND = YES;
				GCC_C_LANGUAGE_STANDARD = gnu99;
				GCC_WARN_64_TO_32_BIT_CONVERSION = YES;
				GCC_WARN_ABOUT_RETURN_TYPE = YES_ERROR;
				GCC_WARN_UNDECLARED_SELECTOR = YES;
				GCC_WARN_UNINITIALIZED_AUTOS = YES_AGGRESSIVE;
				GCC_WARN_UNUSED_FUNCTION = YES;
				GCC_WARN_UNUSED_VARIABLE = YES;
				MACOSX_DEPLOYMENT_TARGET = 10.10;
				MTL_ENABLE_DEBUG_INFO = NO;
				SDKROOT = macosx;
			};
			name = Release;
		};
		FA6CBD581A913AD9009FA889 /* Debug */ = {
			isa = XCBuildConfiguration;
			buildSettings = {
				COMBINE_HIDPI_IMAGES = YES;
				DYLIB_INSTALL_NAME_BASE = "$(LOCAL_LIBRARY_DIR)/Opee/Extensions/";
				FRAMEWORK_SEARCH_PATHS = (
					"$(inherited)",
					"$(LOCAL_LIBRARY_DIR)/Frameworks",
				);
				INFOPLIST_FILE = Dockify/Info.plist;
				INSTALL_PATH = "$(LOCAL_LIBRARY_DIR)/Opee/Extensions";
				PRODUCT_NAME = "$(TARGET_NAME)";
				SKIP_INSTALL = YES;
				WRAPPER_EXTENSION = bundle;
			};
			name = Debug;
		};
		FA6CBD591A913AD9009FA889 /* Release */ = {
			isa = XCBuildConfiguration;
			buildSettings = {
				COMBINE_HIDPI_IMAGES = YES;
				DEPLOYMENT_LOCATION = YES;
				DSTROOT = /;
				DYLIB_INSTALL_NAME_BASE = "$(LOCAL_LIBRARY_DIR)/Opee/Extensions/";
				FRAMEWORK_SEARCH_PATHS = (
					"$(inherited)",
					"$(LOCAL_LIBRARY_DIR)/Frameworks",
				);
				INFOPLIST_FILE = Dockify/Info.plist;
				INSTALL_PATH = "$(LOCAL_LIBRARY_DIR)/Opee/Extensions";
				PRODUCT_NAME = "$(TARGET_NAME)";
				SKIP_INSTALL = NO;
				WRAPPER_EXTENSION = bundle;
			};
			name = Release;
		};
/* End XCBuildConfiguration section */

/* Begin XCConfigurationList section */
		FA6CBD4B1A913AD9009FA889 /* Build configuration list for PBXProject "Dockify" */ = {
			isa = XCConfigurationList;
			buildConfigurations = (
				FA6CBD551A913AD9009FA889 /* Debug */,
				FA6CBD561A913AD9009FA889 /* Release */,
			);
			defaultConfigurationIsVisible = 0;
			defaultConfigurationName = Release;
		};
		FA6CBD571A913AD9009FA889 /* Build configuration list for PBXNativeTarget "Dockify" */ = {
			isa = XCConfigurationList;
			buildConfigurations = (
				FA6CBD581A913AD9009FA889 /* Debug */,
				FA6CBD591A913AD9009FA889 /* Release */,
			);
			defaultConfigurationIsVisible = 0;
			defaultConfigurationName = Release;
		};
/* End XCConfigurationList section */
	};
	rootObject = FA6CBD481A913AD9009FA889 /* Project object */;
}
